
Microsoft Visual Studio Solution File, Format Version 12.00
# Visual Studio Version 17
VisualStudioVersion = 17.8.34601.278
MinimumVisualStudioVersion = 10.0.40219.1
Project("{FAE04EC0-301F-11D3-BF4B-00C04F79EFBC}") = "EmailUnitTests", "EmailUnitTests\EmailUnitTests.csproj", "{578CE8BB-8E93-4E51-82F8-FEEE57D1AA10}"
EndProject
Project("{FAE04EC0-301F-11D3-BF4B-00C04F79EFBC}") = "EmailValidatorTests", "EmailValidatorTests\EmailValidatorTests.csproj", "{116459CF-E5F3-402A-9728-8FCA70AF6F50}"
EndProject
Global
	GlobalSection(SolutionConfigurationPlatforms) = preSolution
		Debug|Any CPU = Debug|Any CPU
		Release|Any CPU = Release|Any CPU
	EndGlobalSection
	GlobalSection(ProjectConfigurationPlatforms) = postSolution
		{578CE8BB-8E93-4E51-82F8-FEEE57D1AA10}.Debug|Any CPU.ActiveCfg = Debug|Any CPU
		{578CE8BB-8E93-4E51-82F8-FEEE57D1AA10}.Debug|Any CPU.Build.0 = Debug|Any CPU
		{578CE8BB-8E93-4E51-82F8-FEEE57D1AA10}.Release|Any CPU.ActiveCfg = Release|Any CPU
		{578CE8BB-8E93-4E51-82F8-FEEE57D1AA10}.Release|Any CPU.Build.0 = Release|Any CPU
		{116459CF-E5F3-402A-9728-8FCA70AF6F50}.Debug|Any CPU.ActiveCfg = Debug|Any CPU
		{116459CF-E5F3-402A-9728-8FCA70AF6F50}.Debug|Any CPU.Build.0 = Debug|Any CPU
		{116459CF-E5F3-402A-9728-8FCA70AF6F50}.Release|Any CPU.ActiveCfg = Release|Any CPU
		{116459CF-E5F3-402A-9728-8FCA70AF6F50}.Release|Any CPU.Build.0 = Release|Any CPU
	EndGlobalSection
	GlobalSection(SolutionProperties) = preSolution
		HideSolutionNode = FALSE
	EndGlobalSection
	GlobalSection(ExtensibilityGlobals) = postSolution
		SolutionGuid = {431A6DE5-9F0A-496E-8BCD-5B73BE376429}
	EndGlobalSection
EndGlobal
